lockfileVersion: '9.0'

settings:
  autoInstallPeers: true
  excludeLinksFromLockfile: false

importers:

  .:
    dependencies:
      '@sentry/node':
        specifier: ^10.11.0
        version: 10.11.0
      discord.js:
        specifier: ^14.22.1
        version: 14.22.1
      dotenv:
        specifier: ^17.2.2
        version: 17.2.2
      triple-beam:
        specifier: ^1.4.1
        version: 1.4.1
      winston:
        specifier: ^3.17.0
        version: 3.17.0
      winston-transport:
        specifier: ^4.9.0
        version: 4.9.0

packages:

  '@colors/colors@1.6.0':
    resolution: {integrity: sha512-Ir+AOibqzrIsL6ajt3Rz3LskB7OiMVHqltZmspbW/TJuTVuyOMirVqAkjfY6JISiLHgyNqicAC8AyHHGzNd/dA==}
    engines: {node: '>=0.1.90'}

  '@dabh/diagnostics@2.0.3':
    resolution: {integrity: sha512-hrlQOIi7hAfzsMqlGSFyVucrx38O+j6wiGOf//H2ecvIEqYN4ADBSS2iLMh5UFyDunCNniUIPk/q3riFv45xRA==}

  '@discordjs/builders@1.11.3':
    resolution: {integrity: sha512-p3kf5eV49CJiRTfhtutUCeivSyQ/l2JlKodW1ZquRwwvlOWmG9+6jFShX6x8rUiYhnP6wKI96rgN/SXMy5e5aw==}
    engines: {node: '>=16.11.0'}

  '@discordjs/collection@1.5.3':
    resolution: {integrity: sha512-SVb428OMd3WO1paV3rm6tSjM4wC+Kecaa1EUGX7vc6/fddvw/6lg90z4QtCqm21zvVe92vMMDt9+DkIvjXImQQ==}
    engines: {node: '>=16.11.0'}

  '@discordjs/collection@2.1.1':
    resolution: {integrity: sha512-LiSusze9Tc7qF03sLCujF5iZp7K+vRNEDBZ86FT9aQAv3vxMLihUvKvpsCWiQ2DJq1tVckopKm1rxomgNUc9hg==}
    engines: {node: '>=18'}

  '@discordjs/formatters@0.6.1':
    resolution: {integrity: sha512-5cnX+tASiPCqCWtFcFslxBVUaCetB0thvM/JyavhbXInP1HJIEU+Qv/zMrnuwSsX3yWH2lVXNJZeDK3EiP4HHg==}
    engines: {node: '>=16.11.0'}

  '@discordjs/rest@2.6.0':
    resolution: {integrity: sha512-RDYrhmpB7mTvmCKcpj+pc5k7POKszS4E2O9TYc+U+Y4iaCP+r910QdO43qmpOja8LRr1RJ0b3U+CqVsnPqzf4w==}
    engines: {node: '>=18'}

  '@discordjs/util@1.1.1':
    resolution: {integrity: sha512-eddz6UnOBEB1oITPinyrB2Pttej49M9FZQY8NxgEvc3tq6ZICZ19m70RsmzRdDHk80O9NoYN/25AqJl8vPVf/g==}
    engines: {node: '>=18'}

  '@discordjs/ws@1.2.3':
    resolution: {integrity: sha512-wPlQDxEmlDg5IxhJPuxXr3Vy9AjYq5xCvFWGJyD7w7Np8ZGu+Mc+97LCoEc/+AYCo2IDpKioiH0/c/mj5ZR9Uw==}
    engines: {node: '>=16.11.0'}

  '@opentelemetry/api-logs@0.203.0':
    resolution: {integrity: sha512-9B9RU0H7Ya1Dx/Rkyc4stuBZSGVQF27WigitInx2QQoj6KUpEFYPKoWjdFTunJYxmXmh17HeBvbMa1EhGyPmqQ==}
    engines: {node: '>=8.0.0'}

  '@opentelemetry/api-logs@0.204.0':
    resolution: {integrity: sha512-DqxY8yoAaiBPivoJD4UtgrMS8gEmzZ5lnaxzPojzLVHBGqPxgWm4zcuvcUHZiqQ6kRX2Klel2r9y8cA2HAtqpw==}
    engines: {node: '>=8.0.0'}

  '@opentelemetry/api-logs@0.57.2':
    resolution: {integrity: sha512-uIX52NnTM0iBh84MShlpouI7UKqkZ7MrUszTmaypHBu4r7NofznSnQRfJ+uUeDtQDj6w8eFGg5KBLDAwAPz1+A==}
    engines: {node: '>=14'}

  '@opentelemetry/api@1.9.0':
    resolution: {integrity: sha512-3giAOQvZiH5F9bMlMiv8+GSPMeqg0dbaeo58/0SlA9sxSqZhnUtxzX9/2FzyhS9sWQf5S0GJE0AKBrFqjpeYcg==}
    engines: {node: '>=8.0.0'}

  '@opentelemetry/context-async-hooks@2.1.0':
    resolution: {integrity: sha512-zOyetmZppnwTyPrt4S7jMfXiSX9yyfF0hxlA8B5oo2TtKl+/RGCy7fi4DrBfIf3lCPrkKsRBWZZD7RFojK7FDg==}
    engines: {node: ^18.19.0 || >=20.6.0}
    peerDependencies:
      '@opentelemetry/api': '>=1.0.0 <1.10.0'

  '@opentelemetry/core@2.0.1':
    resolution: {integrity: sha512-MaZk9SJIDgo1peKevlbhP6+IwIiNPNmswNL4AF0WaQJLbHXjr9SrZMgS12+iqr9ToV4ZVosCcc0f8Rg67LXjxw==}
    engines: {node: ^18.19.0 || >=20.6.0}
    peerDependencies:
      '@opentelemetry/api': '>=1.0.0 <1.10.0'

  '@opentelemetry/core@2.1.0':
    resolution: {integrity: sha512-RMEtHsxJs/GiHHxYT58IY57UXAQTuUnZVco6ymDEqTNlJKTimM4qPUPVe8InNFyBjhHBEAx4k3Q8LtNayBsbUQ==}
    engines: {node: ^18.19.0 || >=20.6.0}
    peerDependencies:
      '@opentelemetry/api': '>=1.0.0 <1.10.0'

  '@opentelemetry/instrumentation-amqplib@0.50.0':
    resolution: {integrity: sha512-kwNs/itehHG/qaQBcVrLNcvXVPW0I4FCOVtw3LHMLdYIqD7GJ6Yv2nX+a4YHjzbzIeRYj8iyMp0Bl7tlkidq5w==}
    engines: {node: ^18.19.0 || >=20.6.0}
    peerDependencies:
      '@opentelemetry/api': ^1.3.0

  '@opentelemetry/instrumentation-connect@0.47.0':
    resolution: {integrity: sha512-pjenvjR6+PMRb6/4X85L4OtkQCootgb/Jzh/l/Utu3SJHBid1F+gk9sTGU2FWuhhEfV6P7MZ7BmCdHXQjgJ42g==}
    engines: {node: ^18.19.0 || >=20.6.0}
    peerDependencies:
      '@opentelemetry/api': ^1.3.0

  '@opentelemetry/instrumentation-dataloader@0.21.1':
    resolution: {integrity: sha512-hNAm/bwGawLM8VDjKR0ZUDJ/D/qKR3s6lA5NV+btNaPVm2acqhPcT47l2uCVi+70lng2mywfQncor9v8/ykuyw==}
    engines: {node: ^18.19.0 || >=20.6.0}
    peerDependencies:
      '@opentelemetry/api': ^1.3.0

  '@opentelemetry/instrumentation-express@0.52.0':
    resolution: {integrity: sha512-W7pizN0Wh1/cbNhhTf7C62NpyYw7VfCFTYg0DYieSTrtPBT1vmoSZei19wfKLnrMsz3sHayCg0HxCVL2c+cz5w==}
    engines: {node: ^18.19.0 || >=20.6.0}
    peerDependencies:
      '@opentelemetry/api': ^1.3.0

  '@opentelemetry/instrumentation-fs@0.23.0':
    resolution: {integrity: sha512-Puan+QopWHA/KNYvDfOZN6M/JtF6buXEyD934vrb8WhsX1/FuM7OtoMlQyIqAadnE8FqqDL4KDPiEfCQH6pQcQ==}
    engines: {node: ^18.19.0 || >=20.6.0}
    peerDependencies:
      '@opentelemetry/api': ^1.3.0

  '@opentelemetry/instrumentation-generic-pool@0.47.0':
    resolution: {integrity: sha512-UfHqf3zYK+CwDwEtTjaD12uUqGGTswZ7ofLBEdQ4sEJp9GHSSJMQ2hT3pgBxyKADzUdoxQAv/7NqvL42ZI+Qbw==}
    engines: {node: ^18.19.0 || >=20.6.0}
    peerDependencies:
      '@opentelemetry/api': ^1.3.0

  '@opentelemetry/instrumentation-graphql@0.51.0':
    resolution: {integrity: sha512-LchkOu9X5DrXAnPI1+Z06h/EH/zC7D6sA86hhPrk3evLlsJTz0grPrkL/yUJM9Ty0CL/y2HSvmWQCjbJEz/ADg==}
    engines: {node: ^18.19.0 || >=20.6.0}
    peerDependencies:
      '@opentelemetry/api': ^1.3.0

  '@opentelemetry/instrumentation-hapi@0.50.0':
    resolution: {integrity: sha512-5xGusXOFQXKacrZmDbpHQzqYD1gIkrMWuwvlrEPkYOsjUqGUjl1HbxCsn5Y9bUXOCgP1Lj6A4PcKt1UiJ2MujA==}
    engines: {node: ^18.19.0 || >=20.6.0}
    peerDependencies:
      '@opentelemetry/api': ^1.3.0

  '@opentelemetry/instrumentation-http@0.203.0':
    resolution: {integrity: sha512-y3uQAcCOAwnO6vEuNVocmpVzG3PER6/YZqbPbbffDdJ9te5NkHEkfSMNzlC3+v7KlE+WinPGc3N7MR30G1HY2g==}
    engines: {node: ^18.19.0 || >=20.6.0}
    peerDependencies:
      '@opentelemetry/api': ^1.3.0

  '@opentelemetry/instrumentation-ioredis@0.52.0':
    resolution: {integrity: sha512-rUvlyZwI90HRQPYicxpDGhT8setMrlHKokCtBtZgYxQWRF5RBbG4q0pGtbZvd7kyseuHbFpA3I/5z7M8b/5ywg==}
    engines: {node: ^18.19.0 || >=20.6.0}
    peerDependencies:
      '@opentelemetry/api': ^1.3.0

  '@opentelemetry/instrumentation-kafkajs@0.13.0':
    resolution: {integrity: sha512-FPQyJsREOaGH64hcxlzTsIEQC4DYANgTwHjiB7z9lldmvua1LRMVn3/FfBlzXoqF179B0VGYviz6rn75E9wsDw==}
    engines: {node: ^18.19.0 || >=20.6.0}
    peerDependencies:
      '@opentelemetry/api': ^1.3.0

  '@opentelemetry/instrumentation-knex@0.48.0':
    resolution: {integrity: sha512-V5wuaBPv/lwGxuHjC6Na2JFRjtPgstw19jTFl1B1b6zvaX8zVDYUDaR5hL7glnQtUSCMktPttQsgK4dhXpddcA==}
    engines: {node: ^18.19.0 || >=20.6.0}
    peerDependencies:
      '@opentelemetry/api': ^1.3.0

  '@opentelemetry/instrumentation-koa@0.51.0':
    resolution: {integrity: sha512-XNLWeMTMG1/EkQBbgPYzCeBD0cwOrfnn8ao4hWgLv0fNCFQu1kCsJYygz2cvKuCs340RlnG4i321hX7R8gj3Rg==}
    engines: {node: ^18.19.0 || >=20.6.0}
    peerDependencies:
      '@opentelemetry/api': ^1.3.0

  '@opentelemetry/instrumentation-lru-memoizer@0.48.0':
    resolution: {integrity: sha512-KUW29wfMlTPX1wFz+NNrmE7IzN7NWZDrmFWHM/VJcmFEuQGnnBuTIdsP55CnBDxKgQ/qqYFp4udQFNtjeFosPw==}
    engines: {node: ^18.19.0 || >=20.6.0}
    peerDependencies:
      '@opentelemetry/api': ^1.3.0

  '@opentelemetry/instrumentation-mongodb@0.56.0':
    resolution: {integrity: sha512-YG5IXUUmxX3Md2buVMvxm9NWlKADrnavI36hbJsihqqvBGsWnIfguf0rUP5Srr0pfPqhQjUP+agLMsvu0GmUpA==}
    engines: {node: ^18.19.0 || >=20.6.0}
    peerDependencies:
      '@opentelemetry/api': ^1.3.0

  '@opentelemetry/instrumentation-mongoose@0.50.0':
    resolution: {integrity: sha512-Am8pk1Ct951r4qCiqkBcGmPIgGhoDiFcRtqPSLbJrUZqEPUsigjtMjoWDRLG1Ki1NHgOF7D0H7d+suWz1AAizw==}
    engines: {node: ^18.19.0 || >=20.6.0}
    peerDependencies:
      '@opentelemetry/api': ^1.3.0

  '@opentelemetry/instrumentation-mysql2@0.50.0':
    resolution: {integrity: sha512-PoOMpmq73rOIE3nlTNLf3B1SyNYGsp7QXHYKmeTZZnJ2Ou7/fdURuOhWOI0e6QZ5gSem18IR1sJi6GOULBQJ9g==}
    engines: {node: ^18.19.0 || >=20.6.0}
    peerDependencies:
      '@opentelemetry/api': ^1.3.0

  '@opentelemetry/instrumentation-mysql@0.49.0':
    resolution: {integrity: sha512-QU9IUNqNsrlfE3dJkZnFHqLjlndiU39ll/YAAEvWE40sGOCi9AtOF6rmEGzJ1IswoZ3oyePV7q2MP8SrhJfVAA==}
    engines: {node: ^18.19.0 || >=20.6.0}
    peerDependencies:
      '@opentelemetry/api': ^1.3.0

  '@opentelemetry/instrumentation-pg@0.55.0':
    resolution: {integrity: sha512-yfJ5bYE7CnkW/uNsnrwouG/FR7nmg09zdk2MSs7k0ZOMkDDAE3WBGpVFFApGgNu2U+gtzLgEzOQG4I/X+60hXw==}
    engines: {node: ^18.19.0 || >=20.6.0}
    peerDependencies:
      '@opentelemetry/api': ^1.3.0

  '@opentelemetry/instrumentation-redis@0.51.0':
    resolution: {integrity: sha512-uL/GtBA0u72YPPehwOvthAe+Wf8k3T+XQPBssJmTYl6fzuZjNq8zTfxVFhl9nRFjFVEe+CtiYNT0Q3AyqW1Z0A==}
    engines: {node: ^18.19.0 || >=20.6.0}
    peerDependencies:
      '@opentelemetry/api': ^1.3.0

  '@opentelemetry/instrumentation-tedious@0.22.0':
    resolution: {integrity: sha512-XrrNSUCyEjH1ax9t+Uo6lv0S2FCCykcF7hSxBMxKf7Xn0bPRxD3KyFUZy25aQXzbbbUHhtdxj3r2h88SfEM3aA==}
    engines: {node: ^18.19.0 || >=20.6.0}
    peerDependencies:
      '@opentelemetry/api': ^1.3.0

  '@opentelemetry/instrumentation-undici@0.14.0':
    resolution: {integrity: sha512-2HN+7ztxAReXuxzrtA3WboAKlfP5OsPA57KQn2AdYZbJ3zeRPcLXyW4uO/jpLE6PLm0QRtmeGCmfYpqRlwgSwg==}
    engines: {node: ^18.19.0 || >=20.6.0}
    peerDependencies:
      '@opentelemetry/api': ^1.7.0

  '@opentelemetry/instrumentation@0.203.0':
    resolution: {integrity: sha512-ke1qyM+3AK2zPuBPb6Hk/GCsc5ewbLvPNkEuELx/JmANeEp6ZjnZ+wypPAJSucTw0wvCGrUaibDSdcrGFoWxKQ==}
    engines: {node: ^18.19.0 || >=20.6.0}
    peerDependencies:
      '@opentelemetry/api': ^1.3.0

  '@opentelemetry/instrumentation@0.204.0':
    resolution: {integrity: sha512-vV5+WSxktzoMP8JoYWKeopChy6G3HKk4UQ2hESCRDUUTZqQ3+nM3u8noVG0LmNfRWwcFBnbZ71GKC7vaYYdJ1g==}
    engines: {node: ^18.19.0 || >=20.6.0}
    peerDependencies:
      '@opentelemetry/api': ^1.3.0

  '@opentelemetry/instrumentation@0.57.2':
    resolution: {integrity: sha512-BdBGhQBh8IjZ2oIIX6F2/Q3LKm/FDDKi6ccYKcBTeilh6SNdNKveDOLk73BkSJjQLJk6qe4Yh+hHw1UPhCDdrg==}
    engines: {node: '>=14'}
    peerDependencies:
      '@opentelemetry/api': ^1.3.0

  '@opentelemetry/redis-common@0.38.0':
    resolution: {integrity: sha512-4Wc0AWURII2cfXVVoZ6vDqK+s5n4K5IssdrlVrvGsx6OEOKdghKtJZqXAHWFiZv4nTDLH2/2fldjIHY8clMOjQ==}
    engines: {node: ^18.19.0 || >=20.6.0}

  '@opentelemetry/resources@2.1.0':
    resolution: {integrity: sha512-1CJjf3LCvoefUOgegxi8h6r4B/wLSzInyhGP2UmIBYNlo4Qk5CZ73e1eEyWmfXvFtm1ybkmfb2DqWvspsYLrWw==}
    engines: {node: ^18.19.0 || >=20.6.0}
    peerDependencies:
      '@opentelemetry/api': '>=1.3.0 <1.10.0'

  '@opentelemetry/sdk-trace-base@2.1.0':
    resolution: {integrity: sha512-uTX9FBlVQm4S2gVQO1sb5qyBLq/FPjbp+tmGoxu4tIgtYGmBYB44+KX/725RFDe30yBSaA9Ml9fqphe1hbUyLQ==}
    engines: {node: ^18.19.0 || >=20.6.0}
    peerDependencies:
      '@opentelemetry/api': '>=1.3.0 <1.10.0'

  '@opentelemetry/semantic-conventions@1.37.0':
    resolution: {integrity: sha512-JD6DerIKdJGmRp4jQyX5FlrQjA4tjOw1cvfsPAZXfOOEErMUHjPcPSICS+6WnM0nB0efSFARh0KAZss+bvExOA==}
    engines: {node: '>=14'}

  '@opentelemetry/sql-common@0.41.0':
    resolution: {integrity: sha512-pmzXctVbEERbqSfiAgdes9Y63xjoOyXcD7B6IXBkVb+vbM7M9U98mn33nGXxPf4dfYR0M+vhcKRZmbSJ7HfqFA==}
    engines: {node: ^18.19.0 || >=20.6.0}
    peerDependencies:
      '@opentelemetry/api': ^1.1.0

  '@prisma/instrumentation@6.14.0':
    resolution: {integrity: sha512-Po/Hry5bAeunRDq0yAQueKookW3glpP+qjjvvyOfm6dI2KG5/Y6Bgg3ahyWd7B0u2E+Wf9xRk2rtdda7ySgK1A==}
    peerDependencies:
      '@opentelemetry/api': ^1.8

  '@sapphire/async-queue@1.5.5':
    resolution: {integrity: sha512-cvGzxbba6sav2zZkH8GPf2oGk9yYoD5qrNWdu9fRehifgnFZJMV+nuy2nON2roRO4yQQ+v7MK/Pktl/HgfsUXg==}
    engines: {node: '>=v14.0.0', npm: '>=7.0.0'}

  '@sapphire/shapeshift@4.0.0':
    resolution: {integrity: sha512-d9dUmWVA7MMiKobL3VpLF8P2aeanRTu6ypG2OIaEv/ZHH/SUQ2iHOVyi5wAPjQ+HmnMuL0whK9ez8I/raWbtIg==}
    engines: {node: '>=v16'}

  '@sapphire/snowflake@3.5.3':
    resolution: {integrity: sha512-jjmJywLAFoWeBi1W7994zZyiNWPIiqRRNAmSERxyg93xRGzNYvGjlZ0gR6x0F4gPRi2+0O6S71kOZYyr3cxaIQ==}
    engines: {node: '>=v14.0.0', npm: '>=7.0.0'}

  '@sentry/core@10.11.0':
    resolution: {integrity: sha512-39Rxn8cDXConx3+SKOCAhW+/hklM7UDaz+U1OFzFMDlT59vXSpfI6bcXtNiFDrbOxlQ2hX8yAqx8YRltgSftoA==}
    engines: {node: '>=18'}

  '@sentry/node-core@10.11.0':
    resolution: {integrity: sha512-dkVZ06F+W5W0CsD47ATTTOTTocmccT/ezrF9idspQq+HVOcjoKSU60WpWo22NjtVNdSYKLnom0q1LKRoaRA/Ww==}
    engines: {node: '>=18'}
    peerDependencies:
      '@opentelemetry/api': ^1.9.0
      '@opentelemetry/context-async-hooks': ^1.30.1 || ^2.0.0
      '@opentelemetry/core': ^1.30.1 || ^2.0.0
      '@opentelemetry/instrumentation': '>=0.57.1 <1'
      '@opentelemetry/resources': ^1.30.1 || ^2.0.0
      '@opentelemetry/sdk-trace-base': ^1.30.1 || ^2.0.0
      '@opentelemetry/semantic-conventions': ^1.34.0

  '@sentry/node@10.11.0':
    resolution: {integrity: sha512-Tbcjr3iQAEjYi7/QIpdS8afv/LU1TwDTiy5x87MSpVEoeFcZ7f2iFC4GV0fhB3p4qDuFdL2JGVsIIrzapp8Y4A==}
    engines: {node: '>=18'}

  '@sentry/opentelemetry@10.11.0':
    resolution: {integrity: sha512-BY2SsVlRKICzNUO9atUy064BZqYnhV5A/O+JjEx0kj7ylq+oZd++zmGkks00rSwaJE220cVcVhpwqxcFUpc2hw==}
    engines: {node: '>=18'}
    peerDependencies:
      '@opentelemetry/api': ^1.9.0
      '@opentelemetry/context-async-hooks': ^1.30.1 || ^2.0.0
      '@opentelemetry/core': ^1.30.1 || ^2.0.0
      '@opentelemetry/sdk-trace-base': ^1.30.1 || ^2.0.0
      '@opentelemetry/semantic-conventions': ^1.34.0

  '@types/connect@3.4.38':
    resolution: {integrity: sha512-K6uROf1LD88uDQqJCktA4yzL1YYAK6NgfsI0v/mTgyPKWsX1CnJ0XPSDhViejru1GcRkLWb8RlzFYJRqGUbaug==}

  '@types/mysql@2.15.27':
    resolution: {integrity: sha512-YfWiV16IY0OeBfBCk8+hXKmdTKrKlwKN1MNKAPBu5JYxLwBEZl7QzeEpGnlZb3VMGJrrGmB84gXiH+ofs/TezA==}

  '@types/node@24.3.1':
    resolution: {integrity: sha512-3vXmQDXy+woz+gnrTvuvNrPzekOi+Ds0ReMxw0LzBiK3a+1k0kQn9f2NWk+lgD4rJehFUmYy2gMhJ2ZI+7YP9g==}

  '@types/pg-pool@2.0.6':
    resolution: {integrity: sha512-TaAUE5rq2VQYxab5Ts7WZhKNmuN78Q6PiFonTDdpbx8a1H0M1vhy3rhiMjl+e2iHmogyMw7jZF4FrE6eJUy5HQ==}

  '@types/pg@8.15.4':
    resolution: {integrity: sha512-I6UNVBAoYbvuWkkU3oosC8yxqH21f4/Jc4DK71JLG3dT2mdlGe1z+ep/LQGXaKaOgcvUrsQoPRqfgtMcvZiJhg==}

  '@types/shimmer@1.2.0':
    resolution: {integrity: sha512-UE7oxhQLLd9gub6JKIAhDq06T0F6FnztwMNRvYgjeQSBeMc1ZG/tA47EwfduvkuQS8apbkM/lpLpWsaCeYsXVg==}

  '@types/tedious@4.0.14':
    resolution: {integrity: sha512-KHPsfX/FoVbUGbyYvk1q9MMQHLPeRZhRJZdO45Q4YjvFkv4hMNghCWTvy7rdKessBsmtz4euWCWAB6/tVpI1Iw==}

  '@types/triple-beam@1.3.5':
    resolution: {integrity: sha512-6WaYesThRMCl19iryMYP7/x2OVgCtbIVflDGFpWnb9irXI3UjYE4AzmYuiUKY1AJstGijoY+MgUszMgRxIYTYw==}

  '@types/ws@8.18.1':
    resolution: {integrity: sha512-ThVF6DCVhA8kUGy+aazFQ4kXQ7E1Ty7A3ypFOe0IcJV8O/M511G99AW24irKrW56Wt44yG9+ij8FaqoBGkuBXg==}

  '@vladfrangu/async_event_emitter@2.4.6':
    resolution: {integrity: sha512-RaI5qZo6D2CVS6sTHFKg1v5Ohq/+Bo2LZ5gzUEwZ/WkHhwtGTCB/sVLw8ijOkAUxasZ+WshN/Rzj4ywsABJ5ZA==}
    engines: {node: '>=v14.0.0', npm: '>=7.0.0'}

  acorn-import-attributes@1.9.5:
    resolution: {integrity: sha512-n02Vykv5uA3eHGM/Z2dQrcD56kL8TyDb2p1+0P83PClMnC/nc+anbQRhIOWnSq4Ke/KvDPrY3C9hDtC/A3eHnQ==}
    peerDependencies:
      acorn: ^8

  acorn@8.15.0:
    resolution: {integrity: sha512-NZyJarBfL7nWwIq+FDL6Zp/yHEhePMNnnJ0y3qfieCrmNvYct8uvtiV41UvlSe6apAfk0fY1FbWx+NwfmpvtTg==}
    engines: {node: '>=0.4.0'}
    hasBin: true

  async@3.2.6:
    resolution: {integrity: sha512-htCUDlxyyCLMgaM3xXg0C0LW2xqfuQ6p05pCEIsXuyQ+a1koYKTuBMzRNwmybfLgvJDMd0r1LTn4+E0Ti6C2AA==}

  balanced-match@1.0.2:
    resolution: {integrity: sha512-3oSeUO0TMV67hN1AmbXsK4yaqU7tjiHlbxRDZOpH0KW9+CeX4bRAaX0Anxt0tx2MrpRpWwQaPwIlISEJhYU5Pw==}

  brace-expansion@2.0.2:
    resolution: {integrity: sha512-Jt0vHyM+jmUBqojB7E1NIYadt0vI0Qxjxd2TErW94wDz+E2LAm5vKMXXwg6ZZBTHPuUlDgQHKXvjGBdfcF1ZDQ==}

  cjs-module-lexer@1.4.3:
    resolution: {integrity: sha512-9z8TZaGM1pfswYeXrUpzPrkx8UnWYdhJclsiYMm6x/w5+nN+8Tf/LnAgfLGQCm59qAOxU8WwHEq2vNwF6i4j+Q==}

  color-convert@1.9.3:
    resolution: {integrity: sha512-QfAUtd+vFdAtFQcC8CCyYt1fYWxSqAiK2cSD6zDB8N3cpsEBAvRxp9zOGg6G/SHHJYAT88/az/IuDGALsNVbGg==}

  color-name@1.1.3:
    resolution: {integrity: sha512-72fSenhMw2HZMTVHeCA9KCmpEIbzWiQsjN+BHcBbS9vr1mtt+vJjPdksIBNUmKAW8TFUDPJK5SUU3QhE9NEXDw==}

  color-name@1.1.4:
    resolution: {integrity: sha512-dOy+3AuW3a2wNbZHIuMZpTcgjGuLU/uBL/ubcZF9OXbDo8ff4O8yVp5Bf0efS8uEoYo5q4Fx7dY9OgQGXgAsQA==}

  color-string@1.9.1:
    resolution: {integrity: sha512-shrVawQFojnZv6xM40anx4CkoDP+fZsw/ZerEMsW/pyzsRbElpsL/DBVW7q3ExxwusdNXI3lXpuhEZkzs8p5Eg==}

  color@3.2.1:
    resolution: {integrity: sha512-aBl7dZI9ENN6fUGC7mWpMTPNHmWUSNan9tuWN6ahh5ZLNk9baLJOnSMlrQkHcrfFgz2/RigjUVAjdx36VcemKA==}

  colorspace@1.1.4:
    resolution: {integrity: sha512-BgvKJiuVu1igBUF2kEjRCZXol6wiiGbY5ipL/oVPwm0BL9sIpMIzM8IK7vwuxIIzOXMV3Ey5w+vxhm0rR/TN8w==}

  debug@4.4.1:
    resolution: {integrity: sha512-KcKCqiftBJcZr++7ykoDIEwSa3XWowTfNPo92BYxjXiyYEVrUQh2aLyhxBCwww+heortUFxEJYcRzosstTEBYQ==}
    engines: {node: '>=6.0'}
    peerDependencies:
      supports-color: '*'
    peerDependenciesMeta:
      supports-color:
        optional: true

  discord-api-types@0.38.24:
    resolution: {integrity: sha512-P7/DkcFIiIoaBogStnhhcGRX7KR+gIFp0SpmwsZUIM0bgDkYMEUx+8l+t3quYc/KSgg92wvE9w/4mabO57EMug==}

  discord.js@14.22.1:
    resolution: {integrity: sha512-3k+Kisd/v570Jr68A1kNs7qVhNehDwDJAPe4DZ2Syt+/zobf9zEcuYFvsfIaAOgCa0BiHMfOOKQY4eYINl0z7w==}
    engines: {node: '>=18'}

  dotenv@17.2.2:
    resolution: {integrity: sha512-Sf2LSQP+bOlhKWWyhFsn0UsfdK/kCWRv1iuA2gXAwt3dyNabr6QSj00I2V10pidqz69soatm9ZwZvpQMTIOd5Q==}
    engines: {node: '>=12'}

  enabled@2.0.0:
    resolution: {integrity: sha512-AKrN98kuwOzMIdAizXGI86UFBoo26CL21UM763y1h/GMSJ4/OHU9k2YlsmBpyScFo/wbLzWQJBMCW4+IO3/+OQ==}

  fast-deep-equal@3.1.3:
    resolution: {integrity: sha512-f3qQ9oQy9j2AhBe/H9VC91wLmKBCCU/gDOnKNAYG5hswO7BLKj09Hc5HYNz9cGI++xlpDCIgDaitVs03ATR84Q==}

  fecha@4.2.3:
    resolution: {integrity: sha512-OP2IUU6HeYKJi3i0z4A19kHMQoLVs4Hc+DPqqxI2h/DPZHTm/vjsfC6P0b4jCMy14XizLBqvndQ+UilD7707Jw==}

  fn.name@1.1.0:
    resolution: {integrity: sha512-GRnmB5gPyJpAhTQdSZTSp9uaPSvl09KoYcMQtsB9rQoOmzs9dH6ffeccH+Z+cv6P68Hu5bC6JjRh4Ah/mHSNRw==}

  forwarded-parse@2.1.2:
    resolution: {integrity: sha512-alTFZZQDKMporBH77856pXgzhEzaUVmLCDk+egLgIgHst3Tpndzz8MnKe+GzRJRfvVdn69HhpW7cmXzvtLvJAw==}

  function-bind@1.1.2:
    resolution: {integrity: sha512-7XHNxH7qX9xG5mIwxkhumTox/MIRNcOgDrxWsMt2pAr23WHp6MrRlN7FBSFpCpr+oVO0F744iUgR82nJMfG2SA==}

  hasown@2.0.2:
    resolution: {integrity: sha512-0hJU9SCPvmMzIBdZFqNPXWa6dqh7WdH0cII9y+CyS8rG3nL48Bclra9HmKhVVUHyPWNH5Y7xDwAB7bfgSjkUMQ==}
    engines: {node: '>= 0.4'}

  import-in-the-middle@1.14.2:
    resolution: {integrity: sha512-5tCuY9BV8ujfOpwtAGgsTx9CGUapcFMEEyByLv1B+v2+6DhAcw+Zr0nhQT7uwaZ7DiourxFEscghOR8e1aPLQw==}

  inherits@2.0.4:
    resolution: {integrity: sha512-k/vGaX4/Yla3WzyMCvTQOXYeIHvqOKtnqBduzTHpzpQZzAskKMhZ2K+EnBiSM9zGSoIFeMpXKxa4dYeZIQqewQ==}

  is-arrayish@0.3.2:
    resolution: {integrity: sha512-eVRqCvVlZbuw3GrM63ovNSNAeA1K16kaR/LRY/92w0zxQ5/1YzwblUX652i4Xs9RwAGjW9d9y6X88t8OaAJfWQ==}

  is-core-module@2.16.1:
    resolution: {integrity: sha512-UfoeMA6fIJ8wTYFEUjelnaGI67v6+N7qXJEvQuIGa99l4xsCruSYOVSQ0uPANn4dAzm8lkYPaKLrrijLq7x23w==}
    engines: {node: '>= 0.4'}

  is-stream@2.0.1:
    resolution: {integrity: sha512-hFoiJiTl63nn+kstHGBtewWSKnQLpyb155KHheA1l39uvtO9nWIop1p3udqPcUd/xbF1VLMO4n7OI6p7RbngDg==}
    engines: {node: '>=8'}

  kuler@2.0.0:
    resolution: {integrity: sha512-Xq9nH7KlWZmXAtodXDDRE7vs6DU1gTU8zYDHDiWLSip45Egwq3plLHzPn27NgvzL2r1LMPC1vdqh98sQxtqj4A==}

  lodash.snakecase@4.1.1:
    resolution: {integrity: sha512-QZ1d4xoBHYUeuouhEq3lk3Uq7ldgyFXGBhg04+oRLnIz8o9T65Eh+8YdroUwn846zchkA9yDsDl5CVVaV2nqYw==}

  lodash@4.17.21:
    resolution: {integrity: sha512-v2kDEe57lecTulaDIuNTPy3Ry4gLGJ6Z1O3vE1krgXZNrsQ+LFTGHVxVjcXPs17LhbZVGedAJv8XZ1tvj5FvSg==}

  logform@2.7.0:
    resolution: {integrity: sha512-TFYA4jnP7PVbmlBIfhlSe+WKxs9dklXMTEGcBCIvLhE/Tn3H6Gk1norupVW7m5Cnd4bLcr08AytbyV/xj7f/kQ==}
    engines: {node: '>= 12.0.0'}

  magic-bytes.js@1.12.1:
    resolution: {integrity: sha512-ThQLOhN86ZkJ7qemtVRGYM+gRgR8GEXNli9H/PMvpnZsE44Xfh3wx9kGJaldg314v85m+bFW6WBMaVHJc/c3zA==}

  minimatch@9.0.5:
    resolution: {integrity: sha512-G6T0ZX48xgozx7587koeX9Ys2NYy6Gmv//P89sEte9V9whIapMNF4idKxnW2QtCcLiTWlb/wfCabAtAFWhhBow==}
    engines: {node: '>=16 || 14 >=14.17'}

  module-details-from-path@1.0.4:
    resolution: {integrity: sha512-EGWKgxALGMgzvxYF1UyGTy0HXX/2vHLkw6+NvDKW2jypWbHpjQuj4UMcqQWXHERJhVGKikolT06G3bcKe4fi7w==}

  ms@2.1.3:
    resolution: {integrity: sha512-6FlzubTLZG3J2a/NVCAleEhjzq5oxgHyaCU9yYXvcLsvoVaHJq/s5xXI6/XXP6tz7R9xAOtHnSO/tXtF3WRTlA==}

  one-time@1.0.0:
    resolution: {integrity: sha512-5DXOiRKwuSEcQ/l0kGCF6Q3jcADFv5tSmRaJck/OqkVFcOzutB134KRSfF0xDrL39MNnqxbHBbUUcjZIhTgb2g==}

  path-parse@1.0.7:
    resolution: {integrity: sha512-LDJzPVEEEPR+y48z93A0Ed0yXb8pAByGWo/k5YYdYgpY2/2EsOsksJrq7lOHxryrVOn1ejG6oAp8ahvOIQD8sw==}

  pg-int8@1.0.1:
    resolution: {integrity: sha512-WCtabS6t3c8SkpDBUlb1kjOs7l66xsGdKpIPZsg4wR+B3+u9UAum2odSsF9tnvxg80h4ZxLWMy4pRjOsFIqQpw==}
    engines: {node: '>=4.0.0'}

  pg-protocol@1.10.3:
    resolution: {integrity: sha512-6DIBgBQaTKDJyxnXaLiLR8wBpQQcGWuAESkRBX/t6OwA8YsqP+iVSiond2EDy6Y/dsGk8rh/jtax3js5NeV7JQ==}

  pg-types@2.2.0:
    resolution: {integrity: sha512-qTAAlrEsl8s4OiEQY69wDvcMIdQN6wdz5ojQiOy6YRMuynxenON0O5oCpJI6lshc6scgAY8qvJ2On/p+CXY0GA==}
    engines: {node: '>=4'}

  postgres-array@2.0.0:
    resolution: {integrity: sha512-VpZrUqU5A69eQyW2c5CA1jtLecCsN2U/bD6VilrFDWq5+5UIEVO7nazS3TEcHf1zuPYO/sqGvUvW62g86RXZuA==}
    engines: {node: '>=4'}

  postgres-bytea@1.0.0:
    resolution: {integrity: sha512-xy3pmLuQqRBZBXDULy7KbaitYqLcmxigw14Q5sj8QBVLqEwXfeybIKVWiqAXTlcvdvb0+xkOtDbfQMOf4lST1w==}
    engines: {node: '>=0.10.0'}

  postgres-date@1.0.7:
    resolution: {integrity: sha512-suDmjLVQg78nMK2UZ454hAG+OAW+HQPZ6n++TNDUX+L0+uUlLywnoxJKDou51Zm+zTCjrCl0Nq6J9C5hP9vK/Q==}
    engines: {node: '>=0.10.0'}

  postgres-interval@1.2.0:
    resolution: {integrity: sha512-9ZhXKM/rw350N1ovuWHbGxnGh/SNJ4cnxHiM0rxE4VN41wsg8P8zWn9hv/buK00RP4WvlOyr/RBDiptyxVbkZQ==}
    engines: {node: '>=0.10.0'}

  readable-stream@3.6.2:
    resolution: {integrity: sha512-9u/sniCrY3D5WdsERHzHE4G2YCXqoG5FTHUiCC4SIbr6XcLZBY05ya9EKjYek9O5xOAwjGq+1JdGBAS7Q9ScoA==}
    engines: {node: '>= 6'}

  require-in-the-middle@7.5.2:
    resolution: {integrity: sha512-gAZ+kLqBdHarXB64XpAe2VCjB7rIRv+mU8tfRWziHRJ5umKsIHN2tLLv6EtMw7WCdP19S0ERVMldNvxYCHnhSQ==}
    engines: {node: '>=8.6.0'}

  resolve@1.22.10:
    resolution: {integrity: sha512-NPRy+/ncIMeDlTAsuqwKIiferiawhefFJtkNSW0qZJEqMEb+qBt/77B/jGeeek+F0uOeN05CDa6HXbbIgtVX4w==}
    engines: {node: '>= 0.4'}
    hasBin: true

  safe-buffer@5.2.1:
    resolution: {integrity: sha512-rp3So07KcdmmKbGvgaNxQSJr7bGVSVk5S9Eq1F+ppbRo70+YeaDxkw5Dd8NPN+GD6bjnYm2VuPuCXmpuYvmCXQ==}

  safe-stable-stringify@2.5.0:
    resolution: {integrity: sha512-b3rppTKm9T+PsVCBEOUR46GWI7fdOs00VKZ1+9c1EWDaDMvjQc6tUwuFyIprgGgTcWoVHSKrU8H31ZHA2e0RHA==}
    engines: {node: '>=10'}

  semver@7.7.2:
    resolution: {integrity: sha512-RF0Fw+rO5AMf9MAyaRXI4AV0Ulj5lMHqVxxdSgiVbixSCXoEmmX/jk0CuJw4+3SqroYO9VoUh+HcuJivvtJemA==}
    engines: {node: '>=10'}
    hasBin: true

  shimmer@1.2.1:
    resolution: {integrity: sha512-sQTKC1Re/rM6XyFM6fIAGHRPVGvyXfgzIDvzoq608vM+jeyVD0Tu1E6Np0Kc2zAIFWIj963V2800iF/9LPieQw==}

  simple-swizzle@0.2.2:
    resolution: {integrity: sha512-JA//kQgZtbuY83m+xT+tXJkmJncGMTFT+C+g2h2R9uxkYIrE2yy9sgmcLhCnw57/WSD+Eh3J97FPEDFnbXnDUg==}

  stack-trace@0.0.10:
    resolution: {integrity: sha512-KGzahc7puUKkzyMt+IqAep+TVNbKP+k2Lmwhub39m1AsTSkaDutx56aDCo+HLDzf/D26BIHTJWNiTG1KAJiQCg==}

  string_decoder@1.3.0:
    resolution: {integrity: sha512-hkRX8U1WjJFd8LsDJ2yQ/wWWxaopEsABU1XfkM8A+j0+85JAGppt16cr1Whg6KIbb4okU6Mql6BOj+uup/wKeA==}

  supports-preserve-symlinks-flag@1.0.0:
    resolution: {integrity: sha512-ot0WnXS9fgdkgIcePe6RHNk1WA8+muPa6cSjeR3V8K27q9BB1rTE3R1p7Hv0z1ZyAc8s6Vvv8DIyWf681MAt0w==}
    engines: {node: '>= 0.4'}

  text-hex@1.0.0:
    resolution: {integrity: sha512-uuVGNWzgJ4yhRaNSiubPY7OjISw4sw4E5Uv0wbjp+OzcbmVU/rsT8ujgcXJhn9ypzsgr5vlzpPqP+MBBKcGvbg==}

  triple-beam@1.4.1:
    resolution: {integrity: sha512-aZbgViZrg1QNcG+LULa7nhZpJTZSLm/mXnHXnbAbjmN5aSa0y7V+wvv6+4WaBtpISJzThKy+PIPxc1Nq1EJ9mg==}
    engines: {node: '>= 14.0.0'}

  ts-mixer@6.0.4:
    resolution: {integrity: sha512-ufKpbmrugz5Aou4wcr5Wc1UUFWOLhq+Fm6qa6P0w0K5Qw2yhaUoiWszhCVuNQyNwrlGiscHOmqYoAox1PtvgjA==}

  tslib@2.8.1:
    resolution: {integrity: sha512-oJFu94HQb+KVduSUQL7wnpmqnfmLsOA/nAh6b6EH0wCEoK0/mPeXU6c3wKDV83MkOuHPRHtSXKKU99IBazS/2w==}

  undici-types@7.10.0:
    resolution: {integrity: sha512-t5Fy/nfn+14LuOc2KNYg75vZqClpAiqscVvMygNnlsHBFpSXdJaYtXMcdNLpl/Qvc3P2cB3s6lOV51nqsFq4ag==}

  undici@6.21.3:
    resolution: {integrity: sha512-gBLkYIlEnSp8pFbT64yFgGE6UIB9tAkhukC23PmMDCe5Nd+cRqKxSjw5y54MK2AZMgZfJWMaNE4nYUHgi1XEOw==}
    engines: {node: '>=18.17'}

  util-deprecate@1.0.2:
    resolution: {integrity: sha512-EPD5q1uXyFxJpCrLnCc1nHnq3gOa6DZBocAIiI2TaSCA7VCJ1UJDMagCzIkXNsUYfD1daK//LTEQ8xiIbrHtcw==}

  winston-transport@4.9.0:
    resolution: {integrity: sha512-8drMJ4rkgaPo1Me4zD/3WLfI/zPdA9o2IipKODunnGDcuqbHwjsbB79ylv04LCGGzU0xQ6vTznOMpQGaLhhm6A==}
    engines: {node: '>= 12.0.0'}

  winston@3.17.0:
    resolution: {integrity: sha512-DLiFIXYC5fMPxaRg832S6F5mJYvePtmO5G9v9IgUFPhXm9/GkXarH/TUrBAVzhTCzAj9anE/+GjrgXp/54nOgw==}
    engines: {node: '>= 12.0.0'}

  ws@8.18.3:
    resolution: {integrity: sha512-PEIGCY5tSlUt50cqyMXfCzX+oOPqN0vuGqWzbcJ2xvnkzkq46oOpz7dQaTDBdfICb4N14+GARUDw2XV2N4tvzg==}
    engines: {node: '>=10.0.0'}
    peerDependencies:
      bufferutil: ^4.0.1
      utf-8-validate: '>=5.0.2'
    peerDependenciesMeta:
      bufferutil:
        optional: true
      utf-8-validate:
        optional: true

  xtend@4.0.2:
    resolution: {integrity: sha512-LKYU1iAXJXUgAXn9URjiu+MWhyUXHsvfp7mcuYm9dSUKK0/CjtrUwFAxD82/mCWbtLsGjFIad0wIsod4zrTAEQ==}
    engines: {node: '>=0.4'}

snapshots:

  '@colors/colors@1.6.0': {}

  '@dabh/diagnostics@2.0.3':
    dependencies:
      colorspace: 1.1.4
      enabled: 2.0.0
      kuler: 2.0.0

  '@discordjs/builders@1.11.3':
    dependencies:
      '@discordjs/formatters': 0.6.1
      '@discordjs/util': 1.1.1
      '@sapphire/shapeshift': 4.0.0
      discord-api-types: 0.38.24
      fast-deep-equal: 3.1.3
      ts-mixer: 6.0.4
      tslib: 2.8.1

  '@discordjs/collection@1.5.3': {}

  '@discordjs/collection@2.1.1': {}

  '@discordjs/formatters@0.6.1':
    dependencies:
      discord-api-types: 0.38.24

  '@discordjs/rest@2.6.0':
    dependencies:
      '@discordjs/collection': 2.1.1
      '@discordjs/util': 1.1.1
      '@sapphire/async-queue': 1.5.5
      '@sapphire/snowflake': 3.5.3
      '@vladfrangu/async_event_emitter': 2.4.6
      discord-api-types: 0.38.24
      magic-bytes.js: 1.12.1
      tslib: 2.8.1
      undici: 6.21.3

  '@discordjs/util@1.1.1': {}

  '@discordjs/ws@1.2.3':
    dependencies:
      '@discordjs/collection': 2.1.1
      '@discordjs/rest': 2.6.0
      '@discordjs/util': 1.1.1
      '@sapphire/async-queue': 1.5.5
      '@types/ws': 8.18.1
      '@vladfrangu/async_event_emitter': 2.4.6
      discord-api-types: 0.38.24
      tslib: 2.8.1
      ws: 8.18.3
    transitivePeerDependencies:
      - bufferutil
      - utf-8-validate

  '@opentelemetry/api-logs@0.203.0':
    dependencies:
      '@opentelemetry/api': 1.9.0

  '@opentelemetry/api-logs@0.204.0':
    dependencies:
      '@opentelemetry/api': 1.9.0

  '@opentelemetry/api-logs@0.57.2':
    dependencies:
      '@opentelemetry/api': 1.9.0

  '@opentelemetry/api@1.9.0': {}

  '@opentelemetry/context-async-hooks@2.1.0(@opentelemetry/api@1.9.0)':
    dependencies:
      '@opentelemetry/api': 1.9.0

  '@opentelemetry/core@2.0.1(@opentelemetry/api@1.9.0)':
    dependencies:
      '@opentelemetry/api': 1.9.0
      '@opentelemetry/semantic-conventions': 1.37.0

  '@opentelemetry/core@2.1.0(@opentelemetry/api@1.9.0)':
    dependencies:
      '@opentelemetry/api': 1.9.0
      '@opentelemetry/semantic-conventions': 1.37.0

  '@opentelemetry/instrumentation-amqplib@0.50.0(@opentelemetry/api@1.9.0)':
    dependencies:
      '@opentelemetry/api': 1.9.0
      '@opentelemetry/core': 2.1.0(@opentelemetry/api@1.9.0)
      '@opentelemetry/instrumentation': 0.203.0(@opentelemetry/api@1.9.0)
      '@opentelemetry/semantic-conventions': 1.37.0
    transitivePeerDependencies:
      - supports-color

  '@opentelemetry/instrumentation-connect@0.47.0(@opentelemetry/api@1.9.0)':
    dependencies:
      '@opentelemetry/api': 1.9.0
      '@opentelemetry/core': 2.1.0(@opentelemetry/api@1.9.0)
      '@opentelemetry/instrumentation': 0.203.0(@opentelemetry/api@1.9.0)
      '@opentelemetry/semantic-conventions': 1.37.0
      '@types/connect': 3.4.38
    transitivePeerDependencies:
      - supports-color

  '@opentelemetry/instrumentation-dataloader@0.21.1(@opentelemetry/api@1.9.0)':
    dependencies:
      '@opentelemetry/api': 1.9.0
      '@opentelemetry/instrumentation': 0.203.0(@opentelemetry/api@1.9.0)
    transitivePeerDependencies:
      - supports-color

  '@opentelemetry/instrumentation-express@0.52.0(@opentelemetry/api@1.9.0)':
    dependencies:
      '@opentelemetry/api': 1.9.0
      '@opentelemetry/core': 2.1.0(@opentelemetry/api@1.9.0)
      '@opentelemetry/instrumentation': 0.203.0(@opentelemetry/api@1.9.0)
      '@opentelemetry/semantic-conventions': 1.37.0
    transitivePeerDependencies:
      - supports-color

  '@opentelemetry/instrumentation-fs@0.23.0(@opentelemetry/api@1.9.0)':
    dependencies:
      '@opentelemetry/api': 1.9.0
      '@opentelemetry/core': 2.1.0(@opentelemetry/api@1.9.0)
      '@opentelemetry/instrumentation': 0.203.0(@opentelemetry/api@1.9.0)
    transitivePeerDependencies:
      - supports-color

  '@opentelemetry/instrumentation-generic-pool@0.47.0(@opentelemetry/api@1.9.0)':
    dependencies:
      '@opentelemetry/api': 1.9.0
      '@opentelemetry/instrumentation': 0.203.0(@opentelemetry/api@1.9.0)
    transitivePeerDependencies:
      - supports-color

  '@opentelemetry/instrumentation-graphql@0.51.0(@opentelemetry/api@1.9.0)':
    dependencies:
      '@opentelemetry/api': 1.9.0
      '@opentelemetry/instrumentation': 0.203.0(@opentelemetry/api@1.9.0)
    transitivePeerDependencies:
      - supports-color

  '@opentelemetry/instrumentation-hapi@0.50.0(@opentelemetry/api@1.9.0)':
    dependencies:
      '@opentelemetry/api': 1.9.0
      '@opentelemetry/core': 2.1.0(@opentelemetry/api@1.9.0)
      '@opentelemetry/instrumentation': 0.203.0(@opentelemetry/api@1.9.0)
      '@opentelemetry/semantic-conventions': 1.37.0
    transitivePeerDependencies:
      - supports-color

  '@opentelemetry/instrumentation-http@0.203.0(@opentelemetry/api@1.9.0)':
    dependencies:
      '@opentelemetry/api': 1.9.0
      '@opentelemetry/core': 2.0.1(@opentelemetry/api@1.9.0)
      '@opentelemetry/instrumentation': 0.203.0(@opentelemetry/api@1.9.0)
      '@opentelemetry/semantic-conventions': 1.37.0
      forwarded-parse: 2.1.2
    transitivePeerDependencies:
      - supports-color

  '@opentelemetry/instrumentation-ioredis@0.52.0(@opentelemetry/api@1.9.0)':
    dependencies:
      '@opentelemetry/api': 1.9.0
      '@opentelemetry/instrumentation': 0.204.0(@opentelemetry/api@1.9.0)
      '@opentelemetry/redis-common': 0.38.0
      '@opentelemetry/semantic-conventions': 1.37.0
    transitivePeerDependencies:
      - supports-color

  '@opentelemetry/instrumentation-kafkajs@0.13.0(@opentelemetry/api@1.9.0)':
    dependencies:
      '@opentelemetry/api': 1.9.0
      '@opentelemetry/instrumentation': 0.203.0(@opentelemetry/api@1.9.0)
      '@opentelemetry/semantic-conventions': 1.37.0
    transitivePeerDependencies:
      - supports-color

  '@opentelemetry/instrumentation-knex@0.48.0(@opentelemetry/api@1.9.0)':
    dependencies:
      '@opentelemetry/api': 1.9.0
      '@opentelemetry/instrumentation': 0.203.0(@opentelemetry/api@1.9.0)
      '@opentelemetry/semantic-conventions': 1.37.0
    transitivePeerDependencies:
      - supports-color

  '@opentelemetry/instrumentation-koa@0.51.0(@opentelemetry/api@1.9.0)':
    dependencies:
      '@opentelemetry/api': 1.9.0
      '@opentelemetry/core': 2.1.0(@opentelemetry/api@1.9.0)
      '@opentelemetry/instrumentation': 0.203.0(@opentelemetry/api@1.9.0)
      '@opentelemetry/semantic-conventions': 1.37.0
    transitivePeerDependencies:
      - supports-color

  '@opentelemetry/instrumentation-lru-memoizer@0.48.0(@opentelemetry/api@1.9.0)':
    dependencies:
      '@opentelemetry/api': 1.9.0
      '@opentelemetry/instrumentation': 0.203.0(@opentelemetry/api@1.9.0)
    transitivePeerDependencies:
      - supports-color

  '@opentelemetry/instrumentation-mongodb@0.56.0(@opentelemetry/api@1.9.0)':
    dependencies:
      '@opentelemetry/api': 1.9.0
      '@opentelemetry/instrumentation': 0.203.0(@opentelemetry/api@1.9.0)
      '@opentelemetry/semantic-conventions': 1.37.0
    transitivePeerDependencies:
      - supports-color

  '@opentelemetry/instrumentation-mongoose@0.50.0(@opentelemetry/api@1.9.0)':
    dependencies:
      '@opentelemetry/api': 1.9.0
      '@opentelemetry/core': 2.1.0(@opentelemetry/api@1.9.0)
      '@opentelemetry/instrumentation': 0.203.0(@opentelemetry/api@1.9.0)
      '@opentelemetry/semantic-conventions': 1.37.0
    transitivePeerDependencies:
      - supports-color

  '@opentelemetry/instrumentation-mysql2@0.50.0(@opentelemetry/api@1.9.0)':
    dependencies:
      '@opentelemetry/api': 1.9.0
      '@opentelemetry/instrumentation': 0.203.0(@opentelemetry/api@1.9.0)
      '@opentelemetry/semantic-conventions': 1.37.0
      '@opentelemetry/sql-common': 0.41.0(@opentelemetry/api@1.9.0)
    transitivePeerDependencies:
      - supports-color

  '@opentelemetry/instrumentation-mysql@0.49.0(@opentelemetry/api@1.9.0)':
    dependencies:
      '@opentelemetry/api': 1.9.0
      '@opentelemetry/instrumentation': 0.203.0(@opentelemetry/api@1.9.0)
      '@opentelemetry/semantic-conventions': 1.37.0
      '@types/mysql': 2.15.27
    transitivePeerDependencies:
      - supports-color

  '@opentelemetry/instrumentation-pg@0.55.0(@opentelemetry/api@1.9.0)':
    dependencies:
      '@opentelemetry/api': 1.9.0
      '@opentelemetry/core': 2.1.0(@opentelemetry/api@1.9.0)
      '@opentelemetry/instrumentation': 0.203.0(@opentelemetry/api@1.9.0)
      '@opentelemetry/semantic-conventions': 1.37.0
      '@opentelemetry/sql-common': 0.41.0(@opentelemetry/api@1.9.0)
      '@types/pg': 8.15.4
      '@types/pg-pool': 2.0.6
    transitivePeerDependencies:
      - supports-color

  '@opentelemetry/instrumentation-redis@0.51.0(@opentelemetry/api@1.9.0)':
    dependencies:
      '@opentelemetry/api': 1.9.0
      '@opentelemetry/instrumentation': 0.203.0(@opentelemetry/api@1.9.0)
      '@opentelemetry/redis-common': 0.38.0
      '@opentelemetry/semantic-conventions': 1.37.0
    transitivePeerDependencies:
      - supports-color

  '@opentelemetry/instrumentation-tedious@0.22.0(@opentelemetry/api@1.9.0)':
    dependencies:
      '@opentelemetry/api': 1.9.0
      '@opentelemetry/instrumentation': 0.203.0(@opentelemetry/api@1.9.0)
      '@opentelemetry/semantic-conventions': 1.37.0
      '@types/tedious': 4.0.14
    transitivePeerDependencies:
      - supports-color

  '@opentelemetry/instrumentation-undici@0.14.0(@opentelemetry/api@1.9.0)':
    dependencies:
      '@opentelemetry/api': 1.9.0
      '@opentelemetry/core': 2.1.0(@opentelemetry/api@1.9.0)
      '@opentelemetry/instrumentation': 0.203.0(@opentelemetry/api@1.9.0)
    transitivePeerDependencies:
      - supports-color

  '@opentelemetry/instrumentation@0.203.0(@opentelemetry/api@1.9.0)':
    dependencies:
      '@opentelemetry/api': 1.9.0
      '@opentelemetry/api-logs': 0.203.0
      import-in-the-middle: 1.14.2
      require-in-the-middle: 7.5.2
    transitivePeerDependencies:
      - supports-color

  '@opentelemetry/instrumentation@0.204.0(@opentelemetry/api@1.9.0)':
    dependencies:
      '@opentelemetry/api': 1.9.0
      '@opentelemetry/api-logs': 0.204.0
      import-in-the-middle: 1.14.2
      require-in-the-middle: 7.5.2
    transitivePeerDependencies:
      - supports-color

  '@opentelemetry/instrumentation@0.57.2(@opentelemetry/api@1.9.0)':
    dependencies:
      '@opentelemetry/api': 1.9.0
      '@opentelemetry/api-logs': 0.57.2
      '@types/shimmer': 1.2.0
      import-in-the-middle: 1.14.2
      require-in-the-middle: 7.5.2
      semver: 7.7.2
      shimmer: 1.2.1
    transitivePeerDependencies:
      - supports-color

  '@opentelemetry/redis-common@0.38.0': {}

  '@opentelemetry/resources@2.1.0(@opentelemetry/api@1.9.0)':
    dependencies:
      '@opentelemetry/api': 1.9.0
      '@opentelemetry/core': 2.1.0(@opentelemetry/api@1.9.0)
      '@opentelemetry/semantic-conventions': 1.37.0

  '@opentelemetry/sdk-trace-base@2.1.0(@opentelemetry/api@1.9.0)':
    dependencies:
      '@opentelemetry/api': 1.9.0
      '@opentelemetry/core': 2.1.0(@opentelemetry/api@1.9.0)
      '@opentelemetry/resources': 2.1.0(@opentelemetry/api@1.9.0)
      '@opentelemetry/semantic-conventions': 1.37.0

  '@opentelemetry/semantic-conventions@1.37.0': {}

  '@opentelemetry/sql-common@0.41.0(@opentelemetry/api@1.9.0)':
    dependencies:
      '@opentelemetry/api': 1.9.0
      '@opentelemetry/core': 2.1.0(@opentelemetry/api@1.9.0)

  '@prisma/instrumentation@6.14.0(@opentelemetry/api@1.9.0)':
    dependencies:
      '@opentelemetry/api': 1.9.0
      '@opentelemetry/instrumentation': 0.57.2(@opentelemetry/api@1.9.0)
    transitivePeerDependencies:
      - supports-color

  '@sapphire/async-queue@1.5.5': {}

  '@sapphire/shapeshift@4.0.0':
    dependencies:
      fast-deep-equal: 3.1.3
      lodash: 4.17.21

  '@sapphire/snowflake@3.5.3': {}

  '@sentry/core@10.11.0': {}

  '@sentry/node-core@10.11.0(@opentelemetry/api@1.9.0)(@opentelemetry/context-async-hooks@2.1.0(@opentelemetry/api@1.9.0))(@opentelemetry/core@2.1.0(@opentelemetry/api@1.9.0))(@opentelemetry/instrumentation@0.203.0(@opentelemetry/api@1.9.0))(@opentelemetry/resources@2.1.0(@opentelemetry/api@1.9.0))(@opentelemetry/sdk-trace-base@2.1.0(@opentelemetry/api@1.9.0))(@opentelemetry/semantic-conventions@1.37.0)':
    dependencies:
      '@opentelemetry/api': 1.9.0
      '@opentelemetry/context-async-hooks': 2.1.0(@opentelemetry/api@1.9.0)
      '@opentelemetry/core': 2.1.0(@opentelemetry/api@1.9.0)
      '@opentelemetry/instrumentation': 0.203.0(@opentelemetry/api@1.9.0)
      '@opentelemetry/resources': 2.1.0(@opentelemetry/api@1.9.0)
      '@opentelemetry/sdk-trace-base': 2.1.0(@opentelemetry/api@1.9.0)
      '@opentelemetry/semantic-conventions': 1.37.0
      '@sentry/core': 10.11.0
      '@sentry/opentelemetry': 10.11.0(@opentelemetry/api@1.9.0)(@opentelemetry/context-async-hooks@2.1.0(@opentelemetry/api@1.9.0))(@opentelemetry/core@2.1.0(@opentelemetry/api@1.9.0))(@opentelemetry/sdk-trace-base@2.1.0(@opentelemetry/api@1.9.0))(@opentelemetry/semantic-conventions@1.37.0)
      import-in-the-middle: 1.14.2

  '@sentry/node@10.11.0':
    dependencies:
      '@opentelemetry/api': 1.9.0
      '@opentelemetry/context-async-hooks': 2.1.0(@opentelemetry/api@1.9.0)
      '@opentelemetry/core': 2.1.0(@opentelemetry/api@1.9.0)
      '@opentelemetry/instrumentation': 0.203.0(@opentelemetry/api@1.9.0)
      '@opentelemetry/instrumentation-amqplib': 0.50.0(@opentelemetry/api@1.9.0)
      '@opentelemetry/instrumentation-connect': 0.47.0(@opentelemetry/api@1.9.0)
      '@opentelemetry/instrumentation-dataloader': 0.21.1(@opentelemetry/api@1.9.0)
      '@opentelemetry/instrumentation-express': 0.52.0(@opentelemetry/api@1.9.0)
      '@opentelemetry/instrumentation-fs': 0.23.0(@opentelemetry/api@1.9.0)
      '@opentelemetry/instrumentation-generic-pool': 0.47.0(@opentelemetry/api@1.9.0)
      '@opentelemetry/instrumentation-graphql': 0.51.0(@opentelemetry/api@1.9.0)
      '@opentelemetry/instrumentation-hapi': 0.50.0(@opentelemetry/api@1.9.0)
      '@opentelemetry/instrumentation-http': 0.203.0(@opentelemetry/api@1.9.0)
      '@opentelemetry/instrumentation-ioredis': 0.52.0(@opentelemetry/api@1.9.0)
      '@opentelemetry/instrumentation-kafkajs': 0.13.0(@opentelemetry/api@1.9.0)
      '@opentelemetry/instrumentation-knex': 0.48.0(@opentelemetry/api@1.9.0)
      '@opentelemetry/instrumentation-koa': 0.51.0(@opentelemetry/api@1.9.0)
      '@opentelemetry/instrumentation-lru-memoizer': 0.48.0(@opentelemetry/api@1.9.0)
      '@opentelemetry/instrumentation-mongodb': 0.56.0(@opentelemetry/api@1.9.0)
      '@opentelemetry/instrumentation-mongoose': 0.50.0(@opentelemetry/api@1.9.0)
      '@opentelemetry/instrumentation-mysql': 0.49.0(@opentelemetry/api@1.9.0)
      '@opentelemetry/instrumentation-mysql2': 0.50.0(@opentelemetry/api@1.9.0)
      '@opentelemetry/instrumentation-pg': 0.55.0(@opentelemetry/api@1.9.0)
      '@opentelemetry/instrumentation-redis': 0.51.0(@opentelemetry/api@1.9.0)
      '@opentelemetry/instrumentation-tedious': 0.22.0(@opentelemetry/api@1.9.0)
      '@opentelemetry/instrumentation-undici': 0.14.0(@opentelemetry/api@1.9.0)
      '@opentelemetry/resources': 2.1.0(@opentelemetry/api@1.9.0)
      '@opentelemetry/sdk-trace-base': 2.1.0(@opentelemetry/api@1.9.0)
      '@opentelemetry/semantic-conventions': 1.37.0
      '@prisma/instrumentation': 6.14.0(@opentelemetry/api@1.9.0)
      '@sentry/core': 10.11.0
      '@sentry/node-core': 10.11.0(@opentelemetry/api@1.9.0)(@opentelemetry/context-async-hooks@2.1.0(@opentelemetry/api@1.9.0))(@opentelemetry/core@2.1.0(@opentelemetry/api@1.9.0))(@opentelemetry/instrumentation@0.203.0(@opentelemetry/api@1.9.0))(@opentelemetry/resources@2.1.0(@opentelemetry/api@1.9.0))(@opentelemetry/sdk-trace-base@2.1.0(@opentelemetry/api@1.9.0))(@opentelemetry/semantic-conventions@1.37.0)
      '@sentry/opentelemetry': 10.11.0(@opentelemetry/api@1.9.0)(@opentelemetry/context-async-hooks@2.1.0(@opentelemetry/api@1.9.0))(@opentelemetry/core@2.1.0(@opentelemetry/api@1.9.0))(@opentelemetry/sdk-trace-base@2.1.0(@opentelemetry/api@1.9.0))(@opentelemetry/semantic-conventions@1.37.0)
      import-in-the-middle: 1.14.2
      minimatch: 9.0.5
    transitivePeerDependencies:
      - supports-color

  '@sentry/opentelemetry@10.11.0(@opentelemetry/api@1.9.0)(@opentelemetry/context-async-hooks@2.1.0(@opentelemetry/api@1.9.0))(@opentelemetry/core@2.1.0(@opentelemetry/api@1.9.0))(@opentelemetry/sdk-trace-base@2.1.0(@opentelemetry/api@1.9.0))(@opentelemetry/semantic-conventions@1.37.0)':
    dependencies:
      '@opentelemetry/api': 1.9.0
      '@opentelemetry/context-async-hooks': 2.1.0(@opentelemetry/api@1.9.0)
      '@opentelemetry/core': 2.1.0(@opentelemetry/api@1.9.0)
      '@opentelemetry/sdk-trace-base': 2.1.0(@opentelemetry/api@1.9.0)
      '@opentelemetry/semantic-conventions': 1.37.0
      '@sentry/core': 10.11.0

  '@types/connect@3.4.38':
    dependencies:
      '@types/node': 24.3.1

  '@types/mysql@2.15.27':
    dependencies:
      '@types/node': 24.3.1

  '@types/node@24.3.1':
    dependencies:
      undici-types: 7.10.0

  '@types/pg-pool@2.0.6':
    dependencies:
      '@types/pg': 8.15.4

  '@types/pg@8.15.4':
    dependencies:
      '@types/node': 24.3.1
      pg-protocol: 1.10.3
      pg-types: 2.2.0

  '@types/shimmer@1.2.0': {}

  '@types/tedious@4.0.14':
    dependencies:
      '@types/node': 24.3.1

  '@types/triple-beam@1.3.5': {}

  '@types/ws@8.18.1':
    dependencies:
      '@types/node': 24.3.1

  '@vladfrangu/async_event_emitter@2.4.6': {}

  acorn-import-attributes@1.9.5(acorn@8.15.0):
    dependencies:
      acorn: 8.15.0

  acorn@8.15.0: {}

  async@3.2.6: {}

  balanced-match@1.0.2: {}

  brace-expansion@2.0.2:
    dependencies:
      balanced-match: 1.0.2

  cjs-module-lexer@1.4.3: {}

  color-convert@1.9.3:
    dependencies:
      color-name: 1.1.3

  color-name@1.1.3: {}

  color-name@1.1.4: {}

  color-string@1.9.1:
    dependencies:
      color-name: 1.1.4
      simple-swizzle: 0.2.2

  color@3.2.1:
    dependencies:
      color-convert: 1.9.3
      color-string: 1.9.1

  colorspace@1.1.4:
    dependencies:
      color: 3.2.1
      text-hex: 1.0.0

  debug@4.4.1:
    dependencies:
      ms: 2.1.3

  discord-api-types@0.38.24: {}

  discord.js@14.22.1:
    dependencies:
      '@discordjs/builders': 1.11.3
      '@discordjs/collection': 1.5.3
      '@discordjs/formatters': 0.6.1
      '@discordjs/rest': 2.6.0
      '@discordjs/util': 1.1.1
      '@discordjs/ws': 1.2.3
      '@sapphire/snowflake': 3.5.3
      discord-api-types: 0.38.24
      fast-deep-equal: 3.1.3
      lodash.snakecase: 4.1.1
      magic-bytes.js: 1.12.1
      tslib: 2.8.1
      undici: 6.21.3
    transitivePeerDependencies:
      - bufferutil
      - utf-8-validate

  dotenv@17.2.2: {}

  enabled@2.0.0: {}

  fast-deep-equal@3.1.3: {}

  fecha@4.2.3: {}

  fn.name@1.1.0: {}

  forwarded-parse@2.1.2: {}

  function-bind@1.1.2: {}

  hasown@2.0.2:
    dependencies:
      function-bind: 1.1.2

  import-in-the-middle@1.14.2:
    dependencies:
      acorn: 8.15.0
      acorn-import-attributes: 1.9.5(acorn@8.15.0)
      cjs-module-lexer: 1.4.3
      module-details-from-path: 1.0.4

  inherits@2.0.4: {}

  is-arrayish@0.3.2: {}

  is-core-module@2.16.1:
    dependencies:
      hasown: 2.0.2

  is-stream@2.0.1: {}

  kuler@2.0.0: {}

  lodash.snakecase@4.1.1: {}

  lodash@4.17.21: {}

  logform@2.7.0:
    dependencies:
      '@colors/colors': 1.6.0
      '@types/triple-beam': 1.3.5
      fecha: 4.2.3
      ms: 2.1.3
      safe-stable-stringify: 2.5.0
      triple-beam: 1.4.1

  magic-bytes.js@1.12.1: {}

  minimatch@9.0.5:
    dependencies:
      brace-expansion: 2.0.2

  module-details-from-path@1.0.4: {}

  ms@2.1.3: {}

  one-time@1.0.0:
    dependencies:
      fn.name: 1.1.0

  path-parse@1.0.7: {}

  pg-int8@1.0.1: {}

  pg-protocol@1.10.3: {}

  pg-types@2.2.0:
    dependencies:
      pg-int8: 1.0.1
      postgres-array: 2.0.0
      postgres-bytea: 1.0.0
      postgres-date: 1.0.7
      postgres-interval: 1.2.0

  postgres-array@2.0.0: {}

  postgres-bytea@1.0.0: {}

  postgres-date@1.0.7: {}

  postgres-interval@1.2.0:
    dependencies:
      xtend: 4.0.2

  readable-stream@3.6.2:
    dependencies:
      inherits: 2.0.4
      string_decoder: 1.3.0
      util-deprecate: 1.0.2

  require-in-the-middle@7.5.2:
    dependencies:
      debug: 4.4.1
      module-details-from-path: 1.0.4
      resolve: 1.22.10
    transitivePeerDependencies:
      - supports-color

  resolve@1.22.10:
    dependencies:
      is-core-module: 2.16.1
      path-parse: 1.0.7
      supports-preserve-symlinks-flag: 1.0.0

  safe-buffer@5.2.1: {}

  safe-stable-stringify@2.5.0: {}

  semver@7.7.2: {}

  shimmer@1.2.1: {}

  simple-swizzle@0.2.2:
    dependencies:
      is-arrayish: 0.3.2

  stack-trace@0.0.10: {}

  string_decoder@1.3.0:
    dependencies:
      safe-buffer: 5.2.1

  supports-preserve-symlinks-flag@1.0.0: {}

  text-hex@1.0.0: {}

  triple-beam@1.4.1: {}

  ts-mixer@6.0.4: {}

  tslib@2.8.1: {}

  undici-types@7.10.0: {}

  undici@6.21.3: {}

  util-deprecate@1.0.2: {}

  winston-transport@4.9.0:
    dependencies:
      logform: 2.7.0
      readable-stream: 3.6.2
      triple-beam: 1.4.1

  winston@3.17.0:
    dependencies:
      '@colors/colors': 1.6.0
      '@dabh/diagnostics': 2.0.3
      async: 3.2.6
      is-stream: 2.0.1
      logform: 2.7.0
      one-time: 1.0.0
      readable-stream: 3.6.2
      safe-stable-stringify: 2.5.0
      stack-trace: 0.0.10
      triple-beam: 1.4.1
      winston-transport: 4.9.0

  ws@8.18.3: {}

  xtend@4.0.2: {}
